
Microsoft Visual Studio Solution File, Format Version 12.00
# Visual Studio 15
VisualStudioVersion = 15.0.28307.572
MinimumVisualStudioVersion = 10.0.40219.1
Project("{8BC9CEB8-8B4A-11D0-8D11-00A0C91BC942}") = "web_server", "web_server\web_server.vcxproj", "{35DF52D5-5413-4D90-94BC-E0228B711777}"
EndProject
Global
	GlobalSection(SolutionConfigurationPlatforms) = preSolution
		Debug|x64 = Debug|x64
		Debug|x86 = Debug|x86
		Release|x64 = Release|x64
		Release|x86 = Release|x86
	EndGlobalSection
	GlobalSection(ProjectConfigurationPlatforms) = postSolution
		{35DF52D5-5413-4D90-94BC-E0228B711777}.Debug|x64.ActiveCfg = Debug|x64
		{35DF52D5-5413-4D90-94BC-E0228B711777}.Debug|x64.Build.0 = Debug|x64
		{35DF52D5-5413-4D90-94BC-E0228B711777}.Debug|x86.ActiveCfg = Debug|Win32
		{35DF52D5-5413-4D90-94BC-E0228B711777}.Debug|x86.Build.0 = Debug|Win32
		{35DF52D5-5413-4D90-94BC-E0228B711777}.Release|x64.ActiveCfg = Release|x64
		{35DF52D5-5413-4D90-94BC-E0228B711777}.Release|x64.Build.0 = Release|x64
		{35DF52D5-5413-4D90-94BC-E0228B711777}.Release|x86.ActiveCfg = Release|Win32
		{35DF52D5-5413-4D90-94BC-E0228B711777}.Release|x86.Build.0 = Release|Win32
	EndGlobalSection
	GlobalSection(SolutionProperties) = preSolution
		HideSolutionNode = FALSE
	EndGlobalSection
	GlobalSection(ExtensibilityGlobals) = postSolution
		SolutionGuid = {F24A384F-A0B6-4EE0-B26A-A1AB534F448B}
	EndGlobalSection
EndGlobal
